
Microsoft Visual Studio Solution File, Format Version 12.00
# Visual Studio Version 16
VisualStudioVersion = 16.0.32126.315
MinimumVisualStudioVersion = 10.0.40219.1
Project("{FAE04EC0-301F-11D3-BF4B-00C04F79EFBC}") = "SalesWebApi", "SalesWebApi\SalesWebApi.csproj", "{A32ABD2E-6337-4AC5-83F2-57EF2F82E23E}"
EndProject
Global
	GlobalSection(SolutionConfigurationPlatforms) = preSolution
		Debug|Any CPU = Debug|Any CPU
		Release|Any CPU = Release|Any CPU
	EndGlobalSection
	GlobalSection(ProjectConfigurationPlatforms) = postSolution
		{A32ABD2E-6337-4AC5-83F2-57EF2F82E23E}.Debug|Any CPU.ActiveCfg = Debug|Any CPU
		{A32ABD2E-6337-4AC5-83F2-57EF2F82E23E}.Debug|Any CPU.Build.0 = Debug|Any CPU
		{A32ABD2E-6337-4AC5-83F2-57EF2F82E23E}.Release|Any CPU.ActiveCfg = Release|Any CPU
		{A32ABD2E-6337-4AC5-83F2-57EF2F82E23E}.Release|Any CPU.Build.0 = Release|Any CPU
	EndGlobalSection
	GlobalSection(SolutionProperties) = preSolution
		HideSolutionNode = FALSE
	EndGlobalSection
	GlobalSection(ExtensibilityGlobals) = postSolution
		SolutionGuid = {88E14784-AC26-42A0-8A76-9421FE332C72}
	EndGlobalSection
EndGlobal
